PackratFormat: 1.4
PackratVersion: 0.6.0
RVersion: 4.0.2
Repos:
    RSPM=https://packagemanager.rstudio.com/all/__linux__/focal/latest,
    CRAN=https://cloud.r-project.org/

Package: AzureAuth
Source: CRAN
Version: 1.3.2
Requires: R6, httr, jose, jsonlite, openssl, rappdirs

Package: AzureGraph
Source: CRAN
Version: 1.3.1
Requires: AzureAuth, R6, curl, httr, jsonlite, openssl

Package: AzureRMR
Source: CRAN
Version: 2.4.2
Requires: AzureAuth, AzureGraph, R6, httr, jsonlite, uuid

Package: AzureStor
Source: CRAN
Version: 3.5.0
Requires: AzureRMR, R6, httr, mime, openssl, xml2

Package: BH
Source: CRAN
Version: 1.75.0-0

Package: DBI
Source: CRAN
Version: 1.1.1

Package: DT
Source: CRAN
Version: 0.18
Requires: jsonlite, crosstalk, htmltools, htmlwidgets, magrittr,
    promises

Package: R.methodsS3
Source: CRAN
Version: 1.8.1

Package: R.oo
Source: CRAN
Version: 1.24.0
Requires: R.methodsS3

Package: R.utils
Source: CRAN
Version: 2.10.1
Requires: R.methodsS3, R.oo

Package: R6
Source: CRAN
Version: 2.5.0

Package: RColorBrewer
Source: CRAN
Version: 1.1-2

Package: Rcpp
Source: CRAN
Version: 1.0.7

Package: askpass
Source: CRAN
Version: 1.1
Requires: sys

Package: assertthat
Source: CRAN
Version: 0.2.1

Package: backports
Source: CRAN
Version: 1.2.1

Package: base64enc
Source: CRAN
Version: 0.1-3

Package: blob
Source: CRAN
Version: 1.2.1
Requires: rlang, vctrs

Package: broom
Source: CRAN
Version: 0.7.8
Requires: backports, ellipsis, glue, rlang, dplyr, generics, purrr,
    stringr, tibble, tidyr

Package: bslib
Source: CRAN
Version: 0.2.5.1
Requires: htmltools, jsonlite, magrittr, rlang, jquerylib, sass

Package: cachem
Source: CRAN
Version: 1.0.5
Requires: rlang, fastmap

Package: callr
Source: CRAN
Version: 3.7.0
Requires: R6, processx

Package: cellranger
Source: CRAN
Version: 1.1.0
Requires: tibble, rematch

Package: classInt
Source: CRAN
Version: 0.4-3
Requires: e1071

Package: cli
Source: CRAN
Version: 3.0.0
Requires: glue

Package: clipr
Source: CRAN
Version: 0.7.1

Package: colorspace
Source: CRAN
Version: 2.0-2

Package: commonmark
Source: CRAN
Version: 1.7

Package: corrplot
Source: CRAN
Version: 0.90

Package: countrycode
Source: CRAN
Version: 1.2.0

Package: cpp11
Source: CRAN
Version: 0.3.1

Package: crayon
Source: CRAN
Version: 1.4.1

Package: crosstalk
Source: CRAN
Version: 1.1.1
Requires: R6, jsonlite, htmltools, lazyeval

Package: crul
Source: CRAN
Version: 1.1.0
Requires: R6, curl, jsonlite, mime, httpcode, urltools

Package: curl
Source: CRAN
Version: 4.3.2

Package: data.table
Source: CRAN
Version: 1.14.0

Package: dbplyr
Source: CRAN
Version: 2.1.1
Requires: DBI, R6, assertthat, blob, dplyr, ellipsis, glue, lifecycle,
    magrittr, purrr, rlang, tibble, tidyselect, vctrs, withr

Package: digest
Source: CRAN
Version: 0.6.27

Package: dplyr
Source: CRAN
Version: 1.0.7
Requires: R6, ellipsis, glue, magrittr, rlang, vctrs, generics,
    lifecycle, pillar, tibble, tidyselect

Package: dtplyr
Source: CRAN
Version: 1.1.0
Requires: crayon, data.table, dplyr, ellipsis, glue, lifecycle, rlang,
    tibble, tidyselect, vctrs

Package: e1071
Source: CRAN
Version: 1.7-7
Requires: proxy

Package: echarts4r
Source: CRAN
Version: 0.4.0
Requires: broom, corrplot, countrycode, dplyr, htmltools, htmlwidgets,
    jsonlite, magrittr, purrr, rstudioapi, scales, shiny

Package: ellipsis
Source: CRAN
Version: 0.3.2
Requires: rlang

Package: evaluate
Source: CRAN
Version: 0.14

Package: fansi
Source: CRAN
Version: 0.5.0

Package: farver
Source: CRAN
Version: 2.1.0

Package: fastmap
Source: CRAN
Version: 1.1.0

Package: feather
Source: CRAN
Version: 0.3.5
Requires: Rcpp, tibble, hms

Package: forcats
Source: CRAN
Version: 0.5.1
Requires: ellipsis, magrittr, rlang, tibble

Package: fresh
Source: CRAN
Version: 0.2.0
Requires: htmltools, rstudioapi, sass, shiny

Package: fs
Source: CRAN
Version: 1.5.0

Package: gargle
Source: CRAN
Version: 1.2.0
Requires: cli, fs, glue, httr, jsonlite, rappdirs, rlang, rstudioapi,
    withr

Package: generics
Source: CRAN
Version: 0.1.0

Package: ggplot2
Source: CRAN
Version: 3.3.5
Requires: digest, glue, rlang, scales, tibble, withr, gtable, isoband

Package: ghql
Source: CRAN
Version: 0.1.0
Requires: R6, crul, jsonlite, graphql

Package: glue
Source: CRAN
Version: 1.4.2

Package: googledrive
Source: CRAN
Version: 2.0.0
Requires: cli, gargle, glue, httr, jsonlite, lifecycle, magrittr,
    pillar, purrr, rlang, tibble, uuid, vctrs, withr

Package: googlesheets4
Source: CRAN
Version: 0.3.0
Requires: cellranger, curl, gargle, glue, googledrive, httr, lifecycle,
    magrittr, purrr, rlang, tibble, vctrs, ids, rematch2

Package: graphql
Source: CRAN
Version: 1.5
Requires: Rcpp, jsonlite

Package: gridExtra
Source: CRAN
Version: 2.3
Requires: gtable

Package: gtable
Source: CRAN
Version: 0.3.0

Package: haven
Source: CRAN
Version: 2.4.1
Requires: cpp11, forcats, hms, rlang, tibble, tidyselect, vctrs, readr

Package: highr
Source: CRAN
Version: 0.9
Requires: xfun

Package: hms
Source: CRAN
Version: 1.1.0
Requires: ellipsis, lifecycle, pkgconfig, rlang, vctrs

Package: htmltools
Source: CRAN
Version: 0.5.1.1
Requires: base64enc, digest, rlang

Package: htmlwidgets
Source: CRAN
Version: 1.5.3
Requires: htmltools, jsonlite, yaml

Package: httpcode
Source: CRAN
Version: 0.3.0

Package: httpuv
Source: CRAN
Version: 1.6.1
Requires: R6, Rcpp, later, promises

Package: httr
Source: CRAN
Version: 1.4.2
Requires: R6, curl, jsonlite, mime, openssl

Package: ids
Source: CRAN
Version: 1.0.1
Requires: openssl, uuid

Package: isoband
Source: CRAN
Version: 0.2.5

Package: jose
Source: CRAN
Version: 1.1.0
Requires: jsonlite, openssl

Package: jquerylib
Source: CRAN
Version: 0.1.4
Requires: htmltools

Package: jsonlite
Source: CRAN
Version: 1.7.2

Package: knitr
Source: CRAN
Version: 1.33
Requires: evaluate, highr, stringr, xfun, yaml, markdown

Package: labeling
Source: CRAN
Version: 0.4.2

Package: later
Source: CRAN
Version: 1.2.0
Requires: Rcpp, rlang

Package: lazyeval
Source: CRAN
Version: 0.2.2

Package: leaflet
Source: CRAN
Version: 2.0.4.1
Requires: RColorBrewer, base64enc, crosstalk, htmltools, htmlwidgets,
    magrittr, markdown, scales, leaflet.providers, png, raster, sp,
    viridis

Package: leaflet.providers
Source: CRAN
Version: 1.9.0

Package: lifecycle
Source: CRAN
Version: 1.0.0
Requires: glue, rlang

Package: lubridate
Source: CRAN
Version: 1.7.10
Requires: Rcpp, generics

Package: magrittr
Source: CRAN
Version: 2.0.1

Package: markdown
Source: CRAN
Version: 1.1
Requires: mime, xfun

Package: mime
Source: CRAN
Version: 0.11

Package: modelr
Source: CRAN
Version: 0.1.8
Requires: broom, magrittr, purrr, rlang, tibble, tidyr, tidyselect,
    vctrs

Package: munsell
Source: CRAN
Version: 0.5.0
Requires: colorspace

Package: openssl
Source: CRAN
Version: 1.4.4
Requires: askpass

Package: packrat
Source: CRAN
Version: 0.6.0
Hash: 62fd532b7524f498caa3cf4cc5f15490

Package: pillar
Source: CRAN
Version: 1.6.1
Requires: ellipsis, lifecycle, rlang, vctrs, cli, crayon, fansi, utf8

Package: pkgconfig
Source: CRAN
Version: 2.0.3

Package: png
Source: CRAN
Version: 0.1-7

Package: prettyunits
Source: CRAN
Version: 1.1.1

Package: processx
Source: CRAN
Version: 3.5.2
Requires: R6, ps

Package: progress
Source: CRAN
Version: 1.2.2
Requires: R6, crayon, hms, prettyunits

Package: promises
Source: CRAN
Version: 1.2.0.1
Requires: R6, magrittr, rlang, Rcpp, later

Package: proxy
Source: CRAN
Version: 0.4-26

Package: ps
Source: CRAN
Version: 1.6.0

Package: purrr
Source: CRAN
Version: 0.3.4
Requires: magrittr, rlang

Package: rappdirs
Source: CRAN
Version: 0.3.3

Package: raster
Source: CRAN
Version: 3.4-13
Requires: Rcpp, sp

Package: readr
Source: CRAN
Version: 1.4.0
Requires: BH, R6, cli, clipr, cpp11, crayon, hms, lifecycle, rlang,
    tibble

Package: readxl
Source: CRAN
Version: 1.3.1
Requires: Rcpp, cellranger, progress, tibble

Package: rematch
Source: CRAN
Version: 1.0.1

Package: rematch2
Source: CRAN
Version: 2.1.2
Requires: tibble

Package: reprex
Source: CRAN
Version: 2.0.0
Requires: callr, cli, clipr, fs, glue, knitr, rlang, rstudioapi, withr,
    rmarkdown

Package: rlang
Source: CRAN
Version: 0.4.11

Package: rmarkdown
Source: CRAN
Version: 2.9
Requires: evaluate, htmltools, jsonlite, knitr, stringr, xfun, yaml,
    tinytex

Package: rstudioapi
Source: CRAN
Version: 0.13

Package: rvest
Source: CRAN
Version: 1.0.0
Requires: httr, lifecycle, magrittr, rlang, tibble, xml2, selectr

Package: s2
Source: CRAN
Version: 1.0.6
Requires: Rcpp, wk

Package: sass
Source: CRAN
Version: 0.4.0
Requires: R6, htmltools, rappdirs, rlang, fs

Package: scales
Source: CRAN
Version: 1.1.1
Requires: R6, RColorBrewer, lifecycle, farver, labeling, munsell,
    viridisLite

Package: selectr
Source: CRAN
Version: 0.4-2
Requires: R6, stringr

Package: sf
Source: CRAN
Version: 1.0-1
Requires: DBI, Rcpp, classInt, magrittr, s2, units

Package: shiny
Source: CRAN
Version: 1.6.0
Requires: R6, bslib, cachem, commonmark, crayon, digest, ellipsis,
    fastmap, glue, htmltools, jsonlite, later, lifecycle, mime,
    promises, rlang, withr, httpuv, sourcetools, xtable

Package: shinyWidgets
Source: CRAN
Version: 0.6.0
Requires: bslib, htmltools, jsonlite, sass, shiny

Package: shinycssloaders
Source: CRAN
Version: 1.0.0
Requires: digest, glue, shiny

Package: shinydashboard
Source: CRAN
Version: 0.7.1
Requires: htmltools, promises, shiny

Package: shinydashboardPlus
Source: CRAN
Version: 2.0.1
Requires: fresh, htmltools, lifecycle, shiny, shinydashboard, waiter

Package: shinyjs
Source: CRAN
Version: 2.0.0
Requires: digest, htmltools, jsonlite, shiny

Package: sourcetools
Source: CRAN
Version: 0.1.7

Package: sp
Source: CRAN
Version: 1.4-5

Package: stringi
Source: CRAN
Version: 1.6.2

Package: stringr
Source: CRAN
Version: 1.4.0
Requires: glue, magrittr, stringi

Package: sys
Source: CRAN
Version: 3.4

Package: tibble
Source: CRAN
Version: 3.1.2
Requires: ellipsis, fansi, lifecycle, magrittr, pillar, rlang, vctrs,
    pkgconfig

Package: tidyr
Source: CRAN
Version: 1.1.3
Requires: dplyr, ellipsis, glue, lifecycle, magrittr, purrr, rlang,
    tibble, tidyselect, vctrs, cpp11

Package: tidyselect
Source: CRAN
Version: 1.1.1
Requires: ellipsis, glue, rlang, vctrs, purrr

Package: tidyverse
Source: CRAN
Version: 1.3.1
Requires: broom, cli, crayon, dbplyr, dplyr, dtplyr, forcats, ggplot2,
    googledrive, googlesheets4, haven, hms, httr, jsonlite, lubridate,
    magrittr, modelr, pillar, purrr, readr, readxl, reprex, rlang,
    rstudioapi, rvest, stringr, tibble, tidyr, xml2

Package: tinytex
Source: CRAN
Version: 0.32
Requires: xfun

Package: triebeard
Source: CRAN
Version: 0.3.0
Requires: Rcpp

Package: units
Source: CRAN
Version: 0.7-2
Requires: Rcpp

Package: urltools
Source: CRAN
Version: 1.7.3
Requires: Rcpp, triebeard

Package: utf8
Source: CRAN
Version: 1.2.1

Package: uuid
Source: CRAN
Version: 0.1-4

Package: vctrs
Source: CRAN
Version: 0.3.8
Requires: rlang, ellipsis, glue

Package: viridis
Source: CRAN
Version: 0.6.1
Requires: ggplot2, gridExtra, viridisLite

Package: viridisLite
Source: CRAN
Version: 0.4.0

Package: waiter
Source: CRAN
Version: 0.2.2
Requires: R6, crayon, htmltools, magrittr, shiny

Package: withr
Source: CRAN
Version: 2.4.2

Package: wk
Source: CRAN
Version: 0.5.0
Requires: cpp11

Package: xfun
Source: CRAN
Version: 0.24

Package: xml2
Source: CRAN
Version: 1.3.2

Package: xtable
Source: CRAN
Version: 1.8-4

Package: yaml
Source: CRAN
Version: 2.2.1
